{
  "nodes": {
    "fenix": {
      "inputs": {
        "nixpkgs": [
          "nixpkgs"
        ],
        "rust-analyzer-src": "rust-analyzer-src"
      },
      "locked": {
        "lastModified": 1685514167,
        "narHash": "sha256-urRxF0ZGSNeZjM4kALNg3wTh7fBscbqQmS6S/HU7Wms=",
        "owner": "nix-community",
        "repo": "fenix",
        "rev": "3abfea51663583186f687c49a157eab1639349ca",
        "type": "github"
      },
      "original": {
        "owner": "nix-community",
        "repo": "fenix",
        "type": "github"
      }
    },
    "flake-parts": {
      "inputs": {
        "nixpkgs-lib": [
          "nixpkgs"
        ]
      },
      "locked": {
        "lastModified": 1685543589,
        "narHash": "sha256-ywDBV/sC/70Z5UEtxUIuOEJxJjtvx3IMF042qGoajmw=",
        "owner": "hercules-ci",
        "repo": "flake-parts",
        "rev": "8eab53d223848a38373cf2f0604eb1cea31feb08",
        "type": "github"
      },
      "original": {
        "owner": "hercules-ci",
        "repo": "flake-parts",
        "type": "github"
      }
    },
    "haumea": {
      "inputs": {
        "nixpkgs": [
          "namaka",
          "nixpkgs"
        ]
      },
      "locked": {
        "lastModified": 1681873442,
        "narHash": "sha256-wsOEGbDKf+M/THE7JZi43s4szXTuIaiQNBxlb5Lnxs0=",
        "owner": "nix-community",
        "repo": "haumea",
        "rev": "85038436851caf5bbf652a2fedf38b2b28e38caf",
        "type": "github"
      },
      "original": {
        "owner": "nix-community",
        "ref": "v0.2.1",
        "repo": "haumea",
        "type": "github"
      }
    },
    "namaka": {
      "inputs": {
        "haumea": "haumea",
        "nixpkgs": [
          "nixpkgs"
        ]
      },
      "locked": {
        "lastModified": 1684980490,
        "narHash": "sha256-yjETiMGRFW8bdQYatSv9xG5E7Er8vlWmYHBpXY07jBw=",
        "owner": "nix-community",
        "repo": "namaka",
        "rev": "2aeca53eb5d6bbb5fd6d34a766ebffdee5b4155a",
        "type": "github"
      },
      "original": {
        "owner": "nix-community",
        "repo": "namaka",
        "type": "github"
      }
    },
    "nixpkgs": {
      "locked": {
        "lastModified": 1685383865,
        "narHash": "sha256-3uQytfnotO6QJv3r04ajSXbEFMII0dUtw0uqYlZ4dbk=",
        "owner": "nixos",
        "repo": "nixpkgs",
        "rev": "5e871d8aa6f57cc8e0dc087d1c5013f6e212b4ce",
        "type": "github"
      },
      "original": {
        "owner": "nixos",
        "ref": "nixos-unstable",
        "repo": "nixpkgs",
        "type": "github"
      }
    },
    "root": {
      "inputs": {
        "fenix": "fenix",
        "flake-parts": "flake-parts",
        "namaka": "namaka",
        "nixpkgs": "nixpkgs"
      }
    },
    "rust-analyzer-src": {
      "flake": false,
      "locked": {
        "lastModified": 1685465261,
        "narHash": "sha256-aJ2nUinUrNcFi+pb47bS5IIAeSiUEEPLJY8W4Q8Pcjk=",
        "owner": "rust-lang",
        "repo": "rust-analyzer",
        "rev": "d2b3caa5b5694125fad04a9699e919444439f6a2",
        "type": "github"
      },
      "original": {
        "owner": "rust-lang",
        "ref": "nightly",
        "repo": "rust-analyzer",
        "type": "github"
      }
    }
  },
  "root": "root",
  "version": 7
}
